// !$*UTF8*$!
{
	archiveVersion = 1;
	classes = {
	};
	objectVersion = 46;
	objects = {

/* Begin PBXBuildFile section */
		03013BA01C733754004C7FA2 /* SecondVC.swift in Sources */ = {isa = PBXBuildFile; fileRef = 03013B9F1C733754004C7FA2 /* SecondVC.swift */; };
		03D53AE61C71B69300B2C962 /* AppDelegate.swift in Sources */ = {isa = PBXBuildFile; fileRef = 03D53AE51C71B69300B2C962 /* AppDelegate.swift */; };
		03D53AE81C71B69300B2C962 /* ViewController.swift in Sources */ = {isa = PBXBuildFile; fileRef = 03D53AE71C71B69300B2C962 /* ViewController.swift */; };
		03D53AEB1C71B69300B2C962 /* Main.storyboard in Resources */ = {isa = PBXBuildFile; fileRef = 03D53AE91C71B69300B2C962 /* Main.storyboard */; };
		03D53AED1C71B69300B2C962 /* Assets.xcassets in Resources */ = {isa = PBXBuildFile; fileRef = 03D53AEC1C71B69300B2C962 /* Assets.xcassets */; };
		03D53AF01C71B69300B2C962 /* LaunchScreen.storyboard in Resources */ = {isa = PBXBuildFile; fileRef = 03D53AEE1C71B69300B2C962 /* LaunchScreen.storyboard */; };
/* End PBXBuildFile section */

/* Begin PBXFileReference section */
		03013B9F1C733754004C7FA2 /* SecondVC.swift */ = {isa = PBXFileReference; fileEncoding = 4; lastKnownFileType = sourcecode.swift; path = SecondVC.swift; sourceTree = "<group>"; };
		03D53AE21C71B69300B2C962 /* AnimationTest.app */ = {isa = PBXFileReference; explicitFileType = wrapper.application; includeInIndex = 0; path = AnimationTest.app; sourceTree = BUILT_PRODUCTS_DIR; };
		03D53AE51C71B69300B2C962 /* AppDelegate.swift */ = {isa = PBXFileReference; lastKnownFileType = sourcecode.swift; path = AppDelegate.swift; sourceTree = "<group>"; };
		03D53AE71C71B69300B2C962 /* ViewController.swift */ = {isa = PBXFileReference; lastKnownFileType = sourcecode.swift; path = ViewController.swift; sourceTree = "<group>"; };
		03D53AEA1C71B69300B2C962 /* Base */ = {isa = PBXFileReference; lastKnownFileType = file.storyboard; name = Base; path = Base.lproj/Main.storyboard; sourceTree = "<group>"; };
		03D53AEC1C71B69300B2C962 /* Assets.xcassets */ = {isa = PBXFileReference; lastKnownFileType = folder.assetcatalog; path = Assets.xcassets; sourceTree = "<group>"; };
		03D53AEF1C71B69300B2C962 /* Base */ = {isa = PBXFileReference; lastKnownFileType = file.storyboard; name = Base; path = Base.lproj/LaunchScreen.storyboard; sourceTree = "<group>"; };
		03D53AF11C71B69300B2C962 /* Info.plist */ = {isa = PBXFileReference; lastKnownFileType = text.plist.xml; path = Info.plist; sourceTree = "<group>"; };
/* End PBXFileReference section */

/* Begin PBXFrameworksBuildPhase section */
		03D53ADF1C71B69300B2C962 /* Frameworks */ = {
			isa = PBXFrameworksBuildPhase;
			buildActionMask = 2147483647;
			files = (
			);
			runOnlyForDeploymentPostprocessing = 0;
		};
/* End PBXFrameworksBuildPhase section */

/* Begin PBXGroup section */
		03013B9E1C733731004C7FA2 /* View */ = {
			isa = PBXGroup;
			children = (
				03D53AE71C71B69300B2C962 /* ViewController.swift */,
				03013B9F1C733754004C7FA2 /* SecondVC.swift */,
			);
			name = View;
			sourceTree = "<group>";
		};
		03D53AD91C71B69300B2C962 = {
			isa = PBXGroup;
			children = (
				03D53AE41C71B69300B2C962 /* AnimationTest */,
				03D53AE31C71B69300B2C962 /* Products */,
			);
			sourceTree = "<group>";
		};
		03D53AE31C71B69300B2C962 /* Products */ = {
			isa = PBXGroup;
			children = (
				03D53AE21C71B69300B2C962 /* AnimationTest.app */,
			);
			name = Products;
			sourceTree = "<group>";
		};
		03D53AE41C71B69300B2C962 /* AnimationTest */ = {
			isa = PBXGroup;
			children = (
				03013B9E1C733731004C7FA2 /* View */,
				03D53AE51C71B69300B2C962 /* AppDelegate.swift */,
				03D53AE91C71B69300B2C962 /* Main.storyboard */,
				03D53AEC1C71B69300B2C962 /* Assets.xcassets */,
				03D53AEE1C71B69300B2C962 /* LaunchScreen.storyboard */,
				03D53AF11C71B69300B2C962 /* Info.plist */,
			);
			path = AnimationTest;
			sourceTree = "<group>";
		};
/* End PBXGroup section */

/* Begin PBXNativeTarget section */
		03D53AE11C71B69300B2C962 /* AnimationTest */ = {
			isa = PBXNativeTarget;
			buildConfigurationList = 03D53AF41C71B69300B2C962 /* Build configuration list for PBXNativeTarget "AnimationTest" */;
			buildPhases = (
				03D53ADE1C71B69300B2C962 /* Sources */,
				03D53ADF1C71B69300B2C962 /* Frameworks */,
				03D53AE01C71B69300B2C962 /* Resources */,
			);
			buildRules = (
			);
			dependencies = (
			);
			name = AnimationTest;
			productName = AnimationTest;
			productReference = 03D53AE21C71B69300B2C962 /* AnimationTest.app */;
			productType = "com.apple.product-type.application";
		};
/* End PBXNativeTarget section */

/* Begin PBXProject section */
		03D53ADA1C71B69300B2C962 /* Project object */ = {
			isa = PBXProject;
			attributes = {
				LastSwiftUpdateCheck = 0720;
				LastUpgradeCheck = 0720;
				ORGANIZATIONNAME = "Fox Gallery Studios";
				TargetAttributes = {
					03D53AE11C71B69300B2C962 = {
						CreatedOnToolsVersion = 7.2.1;
					};
				};
			};
			buildConfigurationList = 03D53ADD1C71B69300B2C962 /* Build configuration list for PBXProject "AnimationTest" */;
			compatibilityVersion = "Xcode 3.2";
			developmentRegion = English;
			hasScannedForEncodings = 0;
			knownRegions = (
				en,
				Base,
			);
			mainGroup = 03D53AD91C71B69300B2C962;
			productRefGroup = 03D53AE31C71B69300B2C962 /* Products */;
			projectDirPath = "";
			projectRoot = "";
			targets = (
				03D53AE11C71B69300B2C962 /* AnimationTest */,
			);
		};
/* End PBXProject section */

/* Begin PBXResourcesBuildPhase section */
		03D53AE01C71B69300B2C962 /* Resources */ = {
			isa = PBXResourcesBuildPhase;
			buildActionMask = 2147483647;
			files = (
				03D53AF01C71B69300B2C962 /* LaunchScreen.storyboard in Resources */,
				03D53AED1C71B69300B2C962 /* Assets.xcassets in Resources */,
				03D53AEB1C71B69300B2C962 /* Main.storyboard in Resources */,
			);
			runOnlyForDeploymentPostprocessing = 0;
		};
/* End PBXResourcesBuildPhase section */

/* Begin PBXSourcesBuildPhase section */
		03D53ADE1C71B69300B2C962 /* Sources */ = {
			isa = PBXSourcesBuildPhase;
			buildActionMask = 2147483647;
			files = (
				03D53AE81C71B69300B2C962 /* ViewController.swift in Sources */,
				03013BA01C733754004C7FA2 /* SecondVC.swift in Sources */,
				03D53AE61C71B69300B2C962 /* AppDelegate.swift in Sources */,
			);
			runOnlyForDeploymentPostprocessing = 0;
		};
/* End PBXSourcesBuildPhase section */

/* Begin PBXVariantGroup section */
		03D53AE91C71B69300B2C962 /* Main.storyboard */ = {
			isa = PBXVariantGroup;
			children = (
				03D53AEA1C71B69300B2C962 /* Base */,
			);
			name = Main.storyboard;
			sourceTree = "<group>";
		};
		03D53AEE1C71B69300B2C962 /* LaunchScreen.storyboard */ = {
			isa = PBXVariantGroup;
			children = (
				03D53AEF1C71B69300B2C962 /* Base */,
			);
			name = LaunchScreen.storyboard;
			sourceTree = "<group>";
		};
/* End PBXVariantGroup section */

/* Begin XCBuildConfiguration section */
		03D53AF21C71B69300B2C962 /* Debug */ = {
			isa = XCBuildConfiguration;
			buildSettings = {
				ALWAYS_SEARCH_USER_PATHS = NO;
				CLANG_CXX_LANGUAGE_STANDARD = "gnu++0x";
				CLANG_CXX_LIBRARY = "libc++";
				CLANG_ENABLE_MODULES = YES;
				CLANG_ENABLE_OBJC_ARC = YES;
				CLANG_WARN_BOOL_CONVERSION = YES;
				CLANG_WARN_CONSTANT_CONVERSION = YES;
				CLANG_WARN_DIRECT_OBJC_ISA_USAGE = YES_ERROR;
				CLANG_WARN_EMPTY_BODY = YES;
				CLANG_WARN_ENUM_CONVERSION = YES;
				CLANG_WARN_INT_CONVERSION = YES;
				CLANG_WARN_OBJC_ROOT_CLASS = YES_ERROR;
				CLANG_WARN_UNREACHABLE_CODE = YES;
				CLANG_WARN__DUPLICATE_METHOD_MATCH = YES;
				"CODE_SIGN_IDENTITY[sdk=iphoneos*]" = "iPhone Developer";
				COPY_PHASE_STRIP = NO;
				DEBUG_INFORMATION_FORMAT = dwarf;
				ENABLE_STRICT_OBJC_MSGSEND = YES;
				ENABLE_TESTABILITY = YES;
				GCC_C_LANGUAGE_STANDARD = gnu99;
				GCC_DYNAMIC_NO_PIC = NO;
				GCC_NO_COMMON_BLOCKS = YES;
				GCC_OPTIMIZATION_LEVEL = 0;
				GCC_PREPROCESSOR_DEFINITIONS = (
					"DEBUG=1",
					"$(inherited)",
				);
				GCC_WARN_64_TO_32_BIT_CONVERSION = YES;
				GCC_WARN_ABOUT_RETURN_TYPE = YES_ERROR;
				GCC_WARN_UNDECLARED_SELECTOR = YES;
				GCC_WARN_UNINITIALIZED_AUTOS = YES_AGGRESSIVE;
				GCC_WARN_UNUSED_FUNCTION = YES;
				GCC_WARN_UNUSED_VARIABLE = YES;
				IPHONEOS_DEPLOYMENT_TARGET = 9.2;
				MTL_ENABLE_DEBUG_INFO = YES;
				ONLY_ACTIVE_ARCH = YES;
				SDKROOT = iphoneos;
				SWIFT_OPTIMIZATION_LEVEL = "-Onone";
				TARGETED_DEVICE_FAMILY = "1,2";
			};
			name = Debug;
		};
		03D53AF31C71B69300B2C962 /* Release */ = {
			isa = XCBuildConfiguration;
			buildSettings = {
				ALWAYS_SEARCH_USER_PATHS = NO;
				CLANG_CXX_LANGUAGE_STANDARD = "gnu++0x";
				CLANG_CXX_LIBRARY = "libc++";
				CLANG_ENABLE_MODULES = YES;
				CLANG_ENABLE_OBJC_ARC = YES;
				CLANG_WARN_BOOL_CONVERSION = YES;
				CLANG_WARN_CONSTANT_CONVERSION = YES;
				CLANG_WARN_DIRECT_OBJC_ISA_USAGE = YES_ERROR;
				CLANG_WARN_EMPTY_BODY = YES;
				CLANG_WARN_ENUM_CONVERSION = YES;
				CLANG_WARN_INT_CONVERSION = YES;
				CLANG_WARN_OBJC_ROOT_CLASS = YES_ERROR;
				CLANG_WARN_UNREACHABLE_CODE = YES;
				CLANG_WARN__DUPLICATE_METHOD_MATCH = YES;
				"CODE_SIGN_IDENTITY[sdk=iphoneos*]" = "iPhone Developer";
				COPY_PHASE_STRIP = NO;
				DEBUG_INFORMATION_FORMAT = "dwarf-with-dsym";
				ENABLE_NS_ASSERTIONS = NO;
				ENABLE_STRICT_OBJC_MSGSEND = YES;
				GCC_C_LANGUAGE_STANDARD = gnu99;
				GCC_NO_COMMON_BLOCKS = YES;
				GCC_WARN_64_TO_32_BIT_CONVERSION = YES;
				GCC_WARN_ABOUT_RETURN_TYPE = YES_ERROR;
				GCC_WARN_UNDECLARED_SELECTOR = YES;
				GCC_WARN_UNINITIALIZED_AUTOS = YES_AGGRESSIVE;
				GCC_WARN_UNUSED_FUNCTION = YES;
				GCC_WARN_UNUSED_VARIABLE = YES;
				IPHONEOS_DEPLOYMENT_TARGET = 9.2;
				MTL_ENABLE_DEBUG_INFO = NO;
				SDKROOT = iphoneos;
				TARGETED_DEVICE_FAMILY = "1,2";
				VALIDATE_PRODUCT = YES;
			};
			name = Release;
		};
		03D53AF51C71B69300B2C962 /* Debug */ = {
			isa = XCBuildConfiguration;
			buildSettings = {
				ASSETCATALOG_COMPILER_APPICON_NAME = AppIcon;
				INFOPLIST_FILE = AnimationTest/Info.plist;
				LD_RUNPATH_SEARCH_PATHS = "$(inherited) @executable_path/Frameworks";
				PRODUCT_BUNDLE_IDENTIFIER = com.foxgallerystudios.AnimationTest;
				PRODUCT_NAME = "$(TARGET_NAME)";
			};
			name = Debug;
		};
		03D53AF61C71B69300B2C962 /* Release */ = {
			isa = XCBuildConfiguration;
			buildSettings = {
				ASSETCATALOG_COMPILER_APPICON_NAME = AppIcon;
				INFOPLIST_FILE = AnimationTest/Info.plist;
				LD_RUNPATH_SEARCH_PATHS = "$(inherited) @executable_path/Frameworks";
				PRODUCT_BUNDLE_IDENTIFIER = com.foxgallerystudios.AnimationTest;
				PRODUCT_NAME = "$(TARGET_NAME)";
			};
			name = Release;
		};
/* End XCBuildConfiguration section */

/* Begin XCConfigurationList section */
		03D53ADD1C71B69300B2C962 /* Build configuration list for PBXProject "AnimationTest" */ = {
			isa = XCConfigurationList;
			buildConfigurations = (
				03D53AF21C71B69300B2C962 /* Debug */,
				03D53AF31C71B69300B2C962 /* Release */,
			);
			defaultConfigurationIsVisible = 0;
			defaultConfigurationName = Release;
		};
		03D53AF41C71B69300B2C962 /* Build configuration list for PBXNativeTarget "AnimationTest" */ = {
			isa = XCConfigurationList;
			buildConfigurations = (
				03D53AF51C71B69300B2C962 /* Debug */,
				03D53AF61C71B69300B2C962 /* Release */,
			);
			defaultConfigurationIsVisible = 0;
			defaultConfigurationName = Release;
		};
/* End XCConfigurationList section */
	};
	rootObject = 03D53ADA1C71B69300B2C962 /* Project object */;
}
